
Microsoft Visual Studio Solution File, Format Version 12.00
# Visual Studio Version 16
VisualStudioVersion = 16.0.32106.194
MinimumVisualStudioVersion = 10.0.40219.1
Project("{9A19103F-16F7-4668-BE54-9A1E7A4F7556}") = "ShoppingListApi", "ShoppingListApi\ShoppingListApi.csproj", "{F7E59DB6-8546-4B32-A518-B41F6E87077A}"
EndProject
Project("{9A19103F-16F7-4668-BE54-9A1E7A4F7556}") = "ElectricityProviderApi", "ElectricityProviderApi\ElectricityProviderApi.csproj", "{1AA66DCC-7145-4A96-9840-6BA57B34DD97}"
EndProject
Project("{FAE04EC0-301F-11D3-BF4B-00C04F79EFBC}") = "ElectricityProviderApi.Tests", "ElectricityProviderApi.Tests\ElectricityProviderApi.Tests.csproj", "{93B3974C-8402-4744-9539-A8FB8B9EB6F2}"
EndProject
Global
	GlobalSection(SolutionConfigurationPlatforms) = preSolution
		Debug|Any CPU = Debug|Any CPU
		Release|Any CPU = Release|Any CPU
	EndGlobalSection
	GlobalSection(ProjectConfigurationPlatforms) = postSolution
		{F7E59DB6-8546-4B32-A518-B41F6E87077A}.Debug|Any CPU.ActiveCfg = Debug|Any CPU
		{F7E59DB6-8546-4B32-A518-B41F6E87077A}.Debug|Any CPU.Build.0 = Debug|Any CPU
		{F7E59DB6-8546-4B32-A518-B41F6E87077A}.Release|Any CPU.ActiveCfg = Release|Any CPU
		{F7E59DB6-8546-4B32-A518-B41F6E87077A}.Release|Any CPU.Build.0 = Release|Any CPU
		{1AA66DCC-7145-4A96-9840-6BA57B34DD97}.Debug|Any CPU.ActiveCfg = Debug|Any CPU
		{1AA66DCC-7145-4A96-9840-6BA57B34DD97}.Debug|Any CPU.Build.0 = Debug|Any CPU
		{1AA66DCC-7145-4A96-9840-6BA57B34DD97}.Release|Any CPU.ActiveCfg = Release|Any CPU
		{1AA66DCC-7145-4A96-9840-6BA57B34DD97}.Release|Any CPU.Build.0 = Release|Any CPU
		{93B3974C-8402-4744-9539-A8FB8B9EB6F2}.Debug|Any CPU.ActiveCfg = Debug|Any CPU
		{93B3974C-8402-4744-9539-A8FB8B9EB6F2}.Debug|Any CPU.Build.0 = Debug|Any CPU
		{93B3974C-8402-4744-9539-A8FB8B9EB6F2}.Release|Any CPU.ActiveCfg = Release|Any CPU
		{93B3974C-8402-4744-9539-A8FB8B9EB6F2}.Release|Any CPU.Build.0 = Release|Any CPU
	EndGlobalSection
	GlobalSection(SolutionProperties) = preSolution
		HideSolutionNode = FALSE
	EndGlobalSection
	GlobalSection(ExtensibilityGlobals) = postSolution
		SolutionGuid = {599CEE39-4CF7-4BBE-92C2-904D4742CECE}
	EndGlobalSection
EndGlobal
